// !$*UTF8*$!
{
	archiveVersion = 1;
	classes = {
	};
	objectVersion = 51;
	objects = {

/* Begin PBXBuildFile section */
		2B2D3DD826B3B19100D16CEC /* UIButton+MainViewItem.m in Sources */ = {isa = PBXBuildFile; fileRef = 2B2D3DD726B3B19100D16CEC /* UIButton+MainViewItem.m */; };
		2B3B6C55275F095F00E3A479 /* VECustomHeaderView.m in Sources */ = {isa = PBXBuildFile; fileRef = 2B3B6C50275F095F00E3A479 /* VECustomHeaderView.m */; };
		2B3B6C56275F095F00E3A479 /* VEUserGlobalConfiguration.m in Sources */ = {isa = PBXBuildFile; fileRef = 2B3B6C54275F095F00E3A479 /* VEUserGlobalConfiguration.m */; };
		2B3B6C71275F09B500E3A479 /* VEVideoPlayerController+DebugTool.m in Sources */ = {isa = PBXBuildFile; fileRef = 2B3B6C5A275F09B500E3A479 /* VEVideoPlayerController+DebugTool.m */; };
		2B3B6C72275F09B500E3A479 /* VEVideoPlayerController+Resolution.m in Sources */ = {isa = PBXBuildFile; fileRef = 2B3B6C5C275F09B500E3A479 /* VEVideoPlayerController+Resolution.m */; };
		2B3B6C73275F09B500E3A479 /* VEVideoPlayerController+Observer.m in Sources */ = {isa = PBXBuildFile; fileRef = 2B3B6C5E275F09B500E3A479 /* VEVideoPlayerController+Observer.m */; };
		2B3B6C74275F09B500E3A479 /* VEVideoPlayerController.m in Sources */ = {isa = PBXBuildFile; fileRef = 2B3B6C5F275F09B500E3A479 /* VEVideoPlayerController.m */; };
		2B3B6C75275F09B500E3A479 /* VEVideoPlayerController+Options.m in Sources */ = {isa = PBXBuildFile; fileRef = 2B3B6C61275F09B500E3A479 /* VEVideoPlayerController+Options.m */; };
		2B3B6C76275F09B500E3A479 /* TTVideoEngineMultiEncodingUrlSource+VECodecUrlSource.m in Sources */ = {isa = PBXBuildFile; fileRef = 2B3B6C63275F09B500E3A479 /* TTVideoEngineMultiEncodingUrlSource+VECodecUrlSource.m */; };
		2B3B6C77275F09B500E3A479 /* TTVideoEngineUrlSource+VEUrlSource.m in Sources */ = {isa = PBXBuildFile; fileRef = 2B3B6C64275F09B500E3A479 /* TTVideoEngineUrlSource+VEUrlSource.m */; };
		2B3B6C78275F09B500E3A479 /* TTVideoEngineVidSource+VEVidSource.m in Sources */ = {isa = PBXBuildFile; fileRef = 2B3B6C68275F09B500E3A479 /* TTVideoEngineVidSource+VEVidSource.m */; };
		2B3B6D762760511900E3A479 /* VEVideoPlayerController+Tips.m in Sources */ = {isa = PBXBuildFile; fileRef = 2B3B6D752760511900E3A479 /* VEVideoPlayerController+Tips.m */; };
		2B50698E274BD2E300CF50E3 /* VideoToolbox.framework in Frameworks */ = {isa = PBXBuildFile; fileRef = 2B50698D274BD2E300CF50E3 /* VideoToolbox.framework */; };
		2B506990274BD2ED00CF50E3 /* OpenGLES.framework in Frameworks */ = {isa = PBXBuildFile; fileRef = 2B50698F274BD2ED00CF50E3 /* OpenGLES.framework */; };
		2B75AA77278EBD1F0092862B /* VESmallPlaybackViewController.m in Sources */ = {isa = PBXBuildFile; fileRef = 2B75AA76278EBD1F0092862B /* VESmallPlaybackViewController.m */; };
		2B7BED162657B8AC005D7FB8 /* VEViewController.m in Sources */ = {isa = PBXBuildFile; fileRef = 2B7BED152657B8AC005D7FB8 /* VEViewController.m */; };
		2B7BED42265B589D005D7FB8 /* VOLC-PlayerDemo.lic in Resources */ = {isa = PBXBuildFile; fileRef = 2B7BED41265B589D005D7FB8 /* VOLC-PlayerDemo.lic */; };
		2B82C5532673407E006CE7CD /* LaunchScreen.storyboard in Resources */ = {isa = PBXBuildFile; fileRef = 2B82C5552673407E006CE7CD /* LaunchScreen.storyboard */; };
		2B986A8D27395A4D000ADD42 /* NSTimer+VE.m in Sources */ = {isa = PBXBuildFile; fileRef = 2B986A8C27395A4D000ADD42 /* NSTimer+VE.m */; };
		2B986A9027395CB5000ADD42 /* VEUtils.m in Sources */ = {isa = PBXBuildFile; fileRef = 2B986A8F27395CB5000ADD42 /* VEUtils.m */; };
		2B986D782740BDFC000ADD42 /* MetalPerformanceShaders.framework in Frameworks */ = {isa = PBXBuildFile; fileRef = 2B986D772740BDFC000ADD42 /* MetalPerformanceShaders.framework */; };
		2B986D7A2740BE0C000ADD42 /* Metal.framework in Frameworks */ = {isa = PBXBuildFile; fileRef = 2B986D792740BE0C000ADD42 /* Metal.framework */; };
		2B986D7C2740BE12000ADD42 /* MetalKit.framework in Frameworks */ = {isa = PBXBuildFile; fileRef = 2B986D7B2740BE12000ADD42 /* MetalKit.framework */; };
		2B98E8CB265E3F9F00CBF214 /* VENetworkHelper.m in Sources */ = {isa = PBXBuildFile; fileRef = 2B98E8CA265E3F9F00CBF214 /* VENetworkHelper.m */; };
		2B98E91F2664838500CBF214 /* VESmallVideoViewController.m in Sources */ = {isa = PBXBuildFile; fileRef = 2B98E90D2664838500CBF214 /* VESmallVideoViewController.m */; };
		2B98E9202664838500CBF214 /* VEVideoModel.m in Sources */ = {isa = PBXBuildFile; fileRef = 2B98E9102664838500CBF214 /* VEVideoModel.m */; };
		2B98E9252664838500CBF214 /* VEMainViewController.m in Sources */ = {isa = PBXBuildFile; fileRef = 2B98E91C2664838500CBF214 /* VEMainViewController.m */; };
		2B98E9262664838500CBF214 /* VEMainViewController.xib in Resources */ = {isa = PBXBuildFile; fileRef = 2B98E91D2664838500CBF214 /* VEMainViewController.xib */; };
		2B98E95A2664F6F300CBF214 /* VEUserGlobalConfigViewController.m in Sources */ = {isa = PBXBuildFile; fileRef = 2B98E9572664F6F300CBF214 /* VEUserGlobalConfigViewController.m */; };
		2B98E95F2665091A00CBF214 /* VEGlobalConfigModel.m in Sources */ = {isa = PBXBuildFile; fileRef = 2B98E95E2665091A00CBF214 /* VEGlobalConfigModel.m */; };
		2B98E96426650BA400CBF214 /* VEGlobalConfigSwitchViewCell.m in Sources */ = {isa = PBXBuildFile; fileRef = 2B98E96326650BA400CBF214 /* VEGlobalConfigSwitchViewCell.m */; };
		2B98E96C26650EFE00CBF214 /* Localizable.strings in Resources */ = {isa = PBXBuildFile; fileRef = 2B98E96E26650EFE00CBF214 /* Localizable.strings */; };
		2B98E97C2665177A00CBF214 /* VEGlobalConfigDeviceIdViewCell.m in Sources */ = {isa = PBXBuildFile; fileRef = 2B98E97B2665177A00CBF214 /* VEGlobalConfigDeviceIdViewCell.m */; };
		2BAE1CE4267F793800F957D8 /* NSString+VE.m in Sources */ = {isa = PBXBuildFile; fileRef = 2BAE1CE3267F793800F957D8 /* NSString+VE.m */; };
		2BC0B49627901E7500F7CC47 /* VESmallPlaybackViewController+VEPlayCoreAbility.m in Sources */ = {isa = PBXBuildFile; fileRef = 2BC0B49527901E7500F7CC47 /* VESmallPlaybackViewController+VEPlayCoreAbility.m */; };
		2BEC93DF265790E900C64503 /* Assets.xcassets in Resources */ = {isa = PBXBuildFile; fileRef = 2BEC93DE265790E900C64503 /* Assets.xcassets */; };
		2BEC93ED2657915100C64503 /* main.m in Sources */ = {isa = PBXBuildFile; fileRef = 2BEC93E92657915100C64503 /* main.m */; };
		2BEC93EE2657915100C64503 /* AppDelegate.m in Sources */ = {isa = PBXBuildFile; fileRef = 2BEC93EA2657915100C64503 /* AppDelegate.m */; };
		2BFB5D31268C1468009ABA65 /* VESmallVideoFeedCell.m in Sources */ = {isa = PBXBuildFile; fileRef = 2BFB5D30268C1468009ABA65 /* VESmallVideoFeedCell.m */; };
		2BFB5D3D268C530B009ABA65 /* UITableView+VE.m in Sources */ = {isa = PBXBuildFile; fileRef = 2BFB5D3C268C530B009ABA65 /* UITableView+VE.m */; };
		4B03A33C279155CB004D826E /* VELongVideoViewController.m in Sources */ = {isa = PBXBuildFile; fileRef = 4B03A332279155CB004D826E /* VELongVideoViewController.m */; };
		4B03A33D279155CB004D826E /* VELongVideoDetailViewController.m in Sources */ = {isa = PBXBuildFile; fileRef = 4B03A335279155CB004D826E /* VELongVideoDetailViewController.m */; };
		4B03A33E279155CB004D826E /* VEVideoPlayerController+VEPlayCoreAbility.m in Sources */ = {isa = PBXBuildFile; fileRef = 4B03A338279155CB004D826E /* VEVideoPlayerController+VEPlayCoreAbility.m */; };
		4B03A33F279155CB004D826E /* VELongVideoCollectionViewCell.m in Sources */ = {isa = PBXBuildFile; fileRef = 4B03A33A279155CB004D826E /* VELongVideoCollectionViewCell.m */; };
		BCFC76EE035A2971ADE4D5A3 /* libPods-VOLCDemo.a in Frameworks */ = {isa = PBXBuildFile; fileRef = 0C8816910B24DE9DA73B4723 /* libPods-VOLCDemo.a */; };
/* End PBXBuildFile section */

/* Begin PBXFileReference section */
		0C8816910B24DE9DA73B4723 /* libPods-VOLCDemo.a */ = {isa = PBXFileReference; explicitFileType = archive.ar; includeInIndex = 0; path = "libPods-VOLCDemo.a"; sourceTree = BUILT_PRODUCTS_DIR; };
		2B2D3DD626B3B19100D16CEC /* UIButton+MainViewItem.h */ = {isa = PBXFileReference; lastKnownFileType = sourcecode.c.h; path = "UIButton+MainViewItem.h"; sourceTree = "<group>"; };
		2B2D3DD726B3B19100D16CEC /* UIButton+MainViewItem.m */ = {isa = PBXFileReference; lastKnownFileType = sourcecode.c.objc; path = "UIButton+MainViewItem.m"; sourceTree = "<group>"; };
		2B3B6C50275F095F00E3A479 /* VECustomHeaderView.m */ = {isa = PBXFileReference; fileEncoding = 4; lastKnownFileType = sourcecode.c.objc; path = VECustomHeaderView.m; sourceTree = "<group>"; };
		2B3B6C51275F095F00E3A479 /* VECustomHeaderView.h */ = {isa = PBXFileReference; fileEncoding = 4; lastKnownFileType = sourcecode.c.h; path = VECustomHeaderView.h; sourceTree = "<group>"; };
		2B3B6C53275F095F00E3A479 /* VEUserGlobalConfiguration.h */ = {isa = PBXFileReference; fileEncoding = 4; lastKnownFileType = sourcecode.c.h; path = VEUserGlobalConfiguration.h; sourceTree = "<group>"; };
		2B3B6C54275F095F00E3A479 /* VEUserGlobalConfiguration.m */ = {isa = PBXFileReference; fileEncoding = 4; lastKnownFileType = sourcecode.c.objc; path = VEUserGlobalConfiguration.m; sourceTree = "<group>"; };
		2B3B6C58275F09B500E3A479 /* VEVideoPlayerController+Options.h */ = {isa = PBXFileReference; fileEncoding = 4; lastKnownFileType = sourcecode.c.h; path = "VEVideoPlayerController+Options.h"; sourceTree = "<group>"; };
		2B3B6C59275F09B500E3A479 /* VEVideoPlayerController.h */ = {isa = PBXFileReference; fileEncoding = 4; lastKnownFileType = sourcecode.c.h; path = VEVideoPlayerController.h; sourceTree = "<group>"; };
		2B3B6C5A275F09B500E3A479 /* VEVideoPlayerController+DebugTool.m */ = {isa = PBXFileReference; fileEncoding = 4; lastKnownFileType = sourcecode.c.objc; path = "VEVideoPlayerController+DebugTool.m"; sourceTree = "<group>"; };
		2B3B6C5C275F09B500E3A479 /* VEVideoPlayerController+Resolution.m */ = {isa = PBXFileReference; fileEncoding = 4; lastKnownFileType = sourcecode.c.objc; path = "VEVideoPlayerController+Resolution.m"; sourceTree = "<group>"; };
		2B3B6C5E275F09B500E3A479 /* VEVideoPlayerController+Observer.m */ = {isa = PBXFileReference; fileEncoding = 4; lastKnownFileType = sourcecode.c.objc; path = "VEVideoPlayerController+Observer.m"; sourceTree = "<group>"; };
		2B3B6C5F275F09B500E3A479 /* VEVideoPlayerController.m */ = {isa = PBXFileReference; fileEncoding = 4; lastKnownFileType = sourcecode.c.objc; path = VEVideoPlayerController.m; sourceTree = "<group>"; };
		2B3B6C60275F09B500E3A479 /* VEVideoPlayback.h */ = {isa = PBXFileReference; fileEncoding = 4; lastKnownFileType = sourcecode.c.h; path = VEVideoPlayback.h; sourceTree = "<group>"; };
		2B3B6C61275F09B500E3A479 /* VEVideoPlayerController+Options.m */ = {isa = PBXFileReference; fileEncoding = 4; lastKnownFileType = sourcecode.c.objc; path = "VEVideoPlayerController+Options.m"; sourceTree = "<group>"; };
		2B3B6C63275F09B500E3A479 /* TTVideoEngineMultiEncodingUrlSource+VECodecUrlSource.m */ = {isa = PBXFileReference; fileEncoding = 4; lastKnownFileType = sourcecode.c.objc; path = "TTVideoEngineMultiEncodingUrlSource+VECodecUrlSource.m"; sourceTree = "<group>"; };
		2B3B6C64275F09B500E3A479 /* TTVideoEngineUrlSource+VEUrlSource.m */ = {isa = PBXFileReference; fileEncoding = 4; lastKnownFileType = sourcecode.c.objc; path = "TTVideoEngineUrlSource+VEUrlSource.m"; sourceTree = "<group>"; };
		2B3B6C65275F09B500E3A479 /* TTVideoEngineVidSource+VEVidSource.h */ = {isa = PBXFileReference; fileEncoding = 4; lastKnownFileType = sourcecode.c.h; path = "TTVideoEngineVidSource+VEVidSource.h"; sourceTree = "<group>"; };
		2B3B6C66275F09B500E3A479 /* TTVideoEngineMultiEncodingUrlSource+VECodecUrlSource.h */ = {isa = PBXFileReference; fileEncoding = 4; lastKnownFileType = sourcecode.c.h; path = "TTVideoEngineMultiEncodingUrlSource+VECodecUrlSource.h"; sourceTree = "<group>"; };
		2B3B6C67275F09B500E3A479 /* TTVideoEngineUrlSource+VEUrlSource.h */ = {isa = PBXFileReference; fileEncoding = 4; lastKnownFileType = sourcecode.c.h; path = "TTVideoEngineUrlSource+VEUrlSource.h"; sourceTree = "<group>"; };
		2B3B6C68275F09B500E3A479 /* TTVideoEngineVidSource+VEVidSource.m */ = {isa = PBXFileReference; fileEncoding = 4; lastKnownFileType = sourcecode.c.objc; path = "TTVideoEngineVidSource+VEVidSource.m"; sourceTree = "<group>"; };
		2B3B6C6E275F09B500E3A479 /* VEVideoPlayerController+DebugTool.h */ = {isa = PBXFileReference; fileEncoding = 4; lastKnownFileType = sourcecode.c.h; path = "VEVideoPlayerController+DebugTool.h"; sourceTree = "<group>"; };
		2B3B6C6F275F09B500E3A479 /* VEVideoPlayerController+Resolution.h */ = {isa = PBXFileReference; fileEncoding = 4; lastKnownFileType = sourcecode.c.h; path = "VEVideoPlayerController+Resolution.h"; sourceTree = "<group>"; };
		2B3B6C70275F09B500E3A479 /* VEVideoPlayerController+Observer.h */ = {isa = PBXFileReference; fileEncoding = 4; lastKnownFileType = sourcecode.c.h; path = "VEVideoPlayerController+Observer.h"; sourceTree = "<group>"; };
		2B3B6D742760511900E3A479 /* VEVideoPlayerController+Tips.h */ = {isa = PBXFileReference; lastKnownFileType = sourcecode.c.h; path = "VEVideoPlayerController+Tips.h"; sourceTree = "<group>"; };
		2B3B6D752760511900E3A479 /* VEVideoPlayerController+Tips.m */ = {isa = PBXFileReference; lastKnownFileType = sourcecode.c.objc; path = "VEVideoPlayerController+Tips.m"; sourceTree = "<group>"; };
		2B50698D274BD2E300CF50E3 /* VideoToolbox.framework */ = {isa = PBXFileReference; lastKnownFileType = wrapper.framework; name = VideoToolbox.framework; path = System/Library/Frameworks/VideoToolbox.framework; sourceTree = SDKROOT; };
		2B50698F274BD2ED00CF50E3 /* OpenGLES.framework */ = {isa = PBXFileReference; lastKnownFileType = wrapper.framework; name = OpenGLES.framework; path = System/Library/Frameworks/OpenGLES.framework; sourceTree = SDKROOT; };
		2B75AA75278EBD1F0092862B /* VESmallPlaybackViewController.h */ = {isa = PBXFileReference; lastKnownFileType = sourcecode.c.h; path = VESmallPlaybackViewController.h; sourceTree = "<group>"; };
		2B75AA76278EBD1F0092862B /* VESmallPlaybackViewController.m */ = {isa = PBXFileReference; lastKnownFileType = sourcecode.c.objc; path = VESmallPlaybackViewController.m; sourceTree = "<group>"; };
		2B7BED142657B8AC005D7FB8 /* VEViewController.h */ = {isa = PBXFileReference; lastKnownFileType = sourcecode.c.h; path = VEViewController.h; sourceTree = "<group>"; };
		2B7BED152657B8AC005D7FB8 /* VEViewController.m */ = {isa = PBXFileReference; lastKnownFileType = sourcecode.c.objc; path = VEViewController.m; sourceTree = "<group>"; };
		2B7BED41265B589D005D7FB8 /* VOLC-PlayerDemo.lic */ = {isa = PBXFileReference; fileEncoding = 4; lastKnownFileType = text; path = "VOLC-PlayerDemo.lic"; sourceTree = "<group>"; };
		2B82C5542673407E006CE7CD /* Base */ = {isa = PBXFileReference; lastKnownFileType = file.storyboard; name = Base; path = Base.lproj/LaunchScreen.storyboard; sourceTree = "<group>"; };
		2B986A8B27395A4D000ADD42 /* NSTimer+VE.h */ = {isa = PBXFileReference; lastKnownFileType = sourcecode.c.h; path = "NSTimer+VE.h"; sourceTree = "<group>"; };
		2B986A8C27395A4D000ADD42 /* NSTimer+VE.m */ = {isa = PBXFileReference; lastKnownFileType = sourcecode.c.objc; path = "NSTimer+VE.m"; sourceTree = "<group>"; };
		2B986A8E27395CB5000ADD42 /* VEUtils.h */ = {isa = PBXFileReference; lastKnownFileType = sourcecode.c.h; path = VEUtils.h; sourceTree = "<group>"; };
		2B986A8F27395CB5000ADD42 /* VEUtils.m */ = {isa = PBXFileReference; lastKnownFileType = sourcecode.c.objc; path = VEUtils.m; sourceTree = "<group>"; };
		2B986D772740BDFC000ADD42 /* MetalPerformanceShaders.framework */ = {isa = PBXFileReference; lastKnownFileType = wrapper.framework; name = MetalPerformanceShaders.framework; path = System/Library/Frameworks/MetalPerformanceShaders.framework; sourceTree = SDKROOT; };
		2B986D792740BE0C000ADD42 /* Metal.framework */ = {isa = PBXFileReference; lastKnownFileType = wrapper.framework; name = Metal.framework; path = System/Library/Frameworks/Metal.framework; sourceTree = SDKROOT; };
		2B986D7B2740BE12000ADD42 /* MetalKit.framework */ = {isa = PBXFileReference; lastKnownFileType = wrapper.framework; name = MetalKit.framework; path = System/Library/Frameworks/MetalKit.framework; sourceTree = SDKROOT; };
		2B98E8C9265E3F9F00CBF214 /* VENetworkHelper.h */ = {isa = PBXFileReference; lastKnownFileType = sourcecode.c.h; path = VENetworkHelper.h; sourceTree = "<group>"; };
		2B98E8CA265E3F9F00CBF214 /* VENetworkHelper.m */ = {isa = PBXFileReference; lastKnownFileType = sourcecode.c.objc; path = VENetworkHelper.m; sourceTree = "<group>"; };
		2B98E90C2664838500CBF214 /* VESmallVideoViewController.h */ = {isa = PBXFileReference; fileEncoding = 4; lastKnownFileType = sourcecode.c.h; path = VESmallVideoViewController.h; sourceTree = "<group>"; };
		2B98E90D2664838500CBF214 /* VESmallVideoViewController.m */ = {isa = PBXFileReference; fileEncoding = 4; lastKnownFileType = sourcecode.c.objc; path = VESmallVideoViewController.m; sourceTree = "<group>"; };
		2B98E90F2664838500CBF214 /* VEVideoModel.h */ = {isa = PBXFileReference; fileEncoding = 4; lastKnownFileType = sourcecode.c.h; path = VEVideoModel.h; sourceTree = "<group>"; };
		2B98E9102664838500CBF214 /* VEVideoModel.m */ = {isa = PBXFileReference; fileEncoding = 4; lastKnownFileType = sourcecode.c.objc; path = VEVideoModel.m; sourceTree = "<group>"; };
		2B98E91B2664838500CBF214 /* VEMainViewController.h */ = {isa = PBXFileReference; fileEncoding = 4; lastKnownFileType = sourcecode.c.h; path = VEMainViewController.h; sourceTree = "<group>"; };
		2B98E91C2664838500CBF214 /* VEMainViewController.m */ = {isa = PBXFileReference; fileEncoding = 4; lastKnownFileType = sourcecode.c.objc; path = VEMainViewController.m; sourceTree = "<group>"; };
		2B98E91D2664838500CBF214 /* VEMainViewController.xib */ = {isa = PBXFileReference; fileEncoding = 4; lastKnownFileType = file.xib; path = VEMainViewController.xib; sourceTree = "<group>"; };
		2B98E9572664F6F300CBF214 /* VEUserGlobalConfigViewController.m */ = {isa = PBXFileReference; fileEncoding = 4; lastKnownFileType = sourcecode.c.objc; path = VEUserGlobalConfigViewController.m; sourceTree = "<group>"; };
		2B98E9582664F6F300CBF214 /* VEUserGlobalConfigViewController.h */ = {isa = PBXFileReference; fileEncoding = 4; lastKnownFileType = sourcecode.c.h; path = VEUserGlobalConfigViewController.h; sourceTree = "<group>"; };
		2B98E95D2665091A00CBF214 /* VEGlobalConfigModel.h */ = {isa = PBXFileReference; lastKnownFileType = sourcecode.c.h; path = VEGlobalConfigModel.h; sourceTree = "<group>"; };
		2B98E95E2665091A00CBF214 /* VEGlobalConfigModel.m */ = {isa = PBXFileReference; lastKnownFileType = sourcecode.c.objc; path = VEGlobalConfigModel.m; sourceTree = "<group>"; };
		2B98E96226650BA300CBF214 /* VEGlobalConfigSwitchViewCell.h */ = {isa = PBXFileReference; lastKnownFileType = sourcecode.c.h; path = VEGlobalConfigSwitchViewCell.h; sourceTree = "<group>"; };
		2B98E96326650BA400CBF214 /* VEGlobalConfigSwitchViewCell.m */ = {isa = PBXFileReference; lastKnownFileType = sourcecode.c.objc; path = VEGlobalConfigSwitchViewCell.m; sourceTree = "<group>"; };
		2B98E96D26650EFE00CBF214 /* en */ = {isa = PBXFileReference; lastKnownFileType = text.plist.strings; name = en; path = en.lproj/Localizable.strings; sourceTree = "<group>"; };
		2B98E9792665100400CBF214 /* zh-Hans */ = {isa = PBXFileReference; lastKnownFileType = text.plist.strings; name = "zh-Hans"; path = "zh-Hans.lproj/Localizable.strings"; sourceTree = "<group>"; };
		2B98E97A2665177A00CBF214 /* VEGlobalConfigDeviceIdViewCell.h */ = {isa = PBXFileReference; lastKnownFileType = sourcecode.c.h; path = VEGlobalConfigDeviceIdViewCell.h; sourceTree = "<group>"; };
		2B98E97B2665177A00CBF214 /* VEGlobalConfigDeviceIdViewCell.m */ = {isa = PBXFileReference; lastKnownFileType = sourcecode.c.objc; path = VEGlobalConfigDeviceIdViewCell.m; sourceTree = "<group>"; };
		2BAE1CE2267F793800F957D8 /* NSString+VE.h */ = {isa = PBXFileReference; lastKnownFileType = sourcecode.c.h; path = "NSString+VE.h"; sourceTree = "<group>"; };
		2BAE1CE3267F793800F957D8 /* NSString+VE.m */ = {isa = PBXFileReference; lastKnownFileType = sourcecode.c.objc; path = "NSString+VE.m"; sourceTree = "<group>"; };
		2BC0B49427901E7500F7CC47 /* VESmallPlaybackViewController+VEPlayCoreAbility.h */ = {isa = PBXFileReference; lastKnownFileType = sourcecode.c.h; path = "VESmallPlaybackViewController+VEPlayCoreAbility.h"; sourceTree = "<group>"; };
		2BC0B49527901E7500F7CC47 /* VESmallPlaybackViewController+VEPlayCoreAbility.m */ = {isa = PBXFileReference; lastKnownFileType = sourcecode.c.objc; path = "VESmallPlaybackViewController+VEPlayCoreAbility.m"; sourceTree = "<group>"; };
		2BEC93C22657907300C64503 /* VOLCDemo.app */ = {isa = PBXFileReference; explicitFileType = wrapper.application; includeInIndex = 0; path = VOLCDemo.app; sourceTree = BUILT_PRODUCTS_DIR; };
		2BEC93DE265790E900C64503 /* Assets.xcassets */ = {isa = PBXFileReference; lastKnownFileType = folder.assetcatalog; path = Assets.xcassets; sourceTree = "<group>"; };
		2BEC93E82657915100C64503 /* AppDelegate.h */ = {isa = PBXFileReference; fileEncoding = 4; lastKnownFileType = sourcecode.c.h; path = AppDelegate.h; sourceTree = "<group>"; };
		2BEC93E92657915100C64503 /* main.m */ = {isa = PBXFileReference; fileEncoding = 4; lastKnownFileType = sourcecode.c.objc; path = main.m; sourceTree = "<group>"; };
		2BEC93EA2657915100C64503 /* AppDelegate.m */ = {isa = PBXFileReference; fileEncoding = 4; lastKnownFileType = sourcecode.c.objc; path = AppDelegate.m; sourceTree = "<group>"; };
		2BEC93EB2657915100C64503 /* Info.plist */ = {isa = PBXFileReference; fileEncoding = 4; lastKnownFileType = text.plist.xml; path = Info.plist; sourceTree = "<group>"; };
		2BEC93F02657917D00C64503 /* VOLCDemoPrefix.pch */ = {isa = PBXFileReference; lastKnownFileType = sourcecode.c.h; path = VOLCDemoPrefix.pch; sourceTree = "<group>"; };
		2BFB5D2F268C1468009ABA65 /* VESmallVideoFeedCell.h */ = {isa = PBXFileReference; lastKnownFileType = sourcecode.c.h; path = VESmallVideoFeedCell.h; sourceTree = "<group>"; };
		2BFB5D30268C1468009ABA65 /* VESmallVideoFeedCell.m */ = {isa = PBXFileReference; lastKnownFileType = sourcecode.c.objc; path = VESmallVideoFeedCell.m; sourceTree = "<group>"; };
		2BFB5D3B268C530B009ABA65 /* UITableView+VE.h */ = {isa = PBXFileReference; lastKnownFileType = sourcecode.c.h; path = "UITableView+VE.h"; sourceTree = "<group>"; };
		2BFB5D3C268C530B009ABA65 /* UITableView+VE.m */ = {isa = PBXFileReference; lastKnownFileType = sourcecode.c.objc; path = "UITableView+VE.m"; sourceTree = "<group>"; };
		4B03A332279155CB004D826E /* VELongVideoViewController.m */ = {isa = PBXFileReference; fileEncoding = 4; lastKnownFileType = sourcecode.c.objc; path = VELongVideoViewController.m; sourceTree = "<group>"; };
		4B03A333279155CB004D826E /* VELongVideoDetailViewController.h */ = {isa = PBXFileReference; fileEncoding = 4; lastKnownFileType = sourcecode.c.h; path = VELongVideoDetailViewController.h; sourceTree = "<group>"; };
		4B03A334279155CB004D826E /* VELongVideoViewController.h */ = {isa = PBXFileReference; fileEncoding = 4; lastKnownFileType = sourcecode.c.h; path = VELongVideoViewController.h; sourceTree = "<group>"; };
		4B03A335279155CB004D826E /* VELongVideoDetailViewController.m */ = {isa = PBXFileReference; fileEncoding = 4; lastKnownFileType = sourcecode.c.objc; path = VELongVideoDetailViewController.m; sourceTree = "<group>"; };
		4B03A337279155CB004D826E /* VEVideoPlayerController+VEPlayCoreAbility.h */ = {isa = PBXFileReference; fileEncoding = 4; lastKnownFileType = sourcecode.c.h; path = "VEVideoPlayerController+VEPlayCoreAbility.h"; sourceTree = "<group>"; };
		4B03A338279155CB004D826E /* VEVideoPlayerController+VEPlayCoreAbility.m */ = {isa = PBXFileReference; fileEncoding = 4; lastKnownFileType = sourcecode.c.objc; path = "VEVideoPlayerController+VEPlayCoreAbility.m"; sourceTree = "<group>"; };
		4B03A33A279155CB004D826E /* VELongVideoCollectionViewCell.m */ = {isa = PBXFileReference; fileEncoding = 4; lastKnownFileType = sourcecode.c.objc; path = VELongVideoCollectionViewCell.m; sourceTree = "<group>"; };
		4B03A33B279155CB004D826E /* VELongVideoCollectionViewCell.h */ = {isa = PBXFileReference; fileEncoding = 4; lastKnownFileType = sourcecode.c.h; path = VELongVideoCollectionViewCell.h; sourceTree = "<group>"; };
		7521C104E6C0DCC76F01AB33 /* Pods-VOLCDemo.release.xcconfig */ = {isa = PBXFileReference; includeInIndex = 1; lastKnownFileType = text.xcconfig; name = "Pods-VOLCDemo.release.xcconfig"; path = "Target Support Files/Pods-VOLCDemo/Pods-VOLCDemo.release.xcconfig"; sourceTree = "<group>"; };
		B7AC4A35A8320428AB49F805 /* Pods-VOLCDemo.debug.xcconfig */ = {isa = PBXFileReference; includeInIndex = 1; lastKnownFileType = text.xcconfig; name = "Pods-VOLCDemo.debug.xcconfig"; path = "Target Support Files/Pods-VOLCDemo/Pods-VOLCDemo.debug.xcconfig"; sourceTree = "<group>"; };
/* End PBXFileReference section */

/* Begin PBXFrameworksBuildPhase section */
		2BEC93BF2657907300C64503 /* Frameworks */ = {
			isa = PBXFrameworksBuildPhase;
			buildActionMask = 2147483647;
			files = (
				2B506990274BD2ED00CF50E3 /* OpenGLES.framework in Frameworks */,
				2B50698E274BD2E300CF50E3 /* VideoToolbox.framework in Frameworks */,
				2B986D7C2740BE12000ADD42 /* MetalKit.framework in Frameworks */,
				2B986D7A2740BE0C000ADD42 /* Metal.framework in Frameworks */,
				2B986D782740BDFC000ADD42 /* MetalPerformanceShaders.framework in Frameworks */,
				BCFC76EE035A2971ADE4D5A3 /* libPods-VOLCDemo.a in Frameworks */,
			);
			runOnlyForDeploymentPostprocessing = 0;
		};
/* End PBXFrameworksBuildPhase section */

/* Begin PBXGroup section */
		11A450BA8D65420C5D8DB56A /* Pods */ = {
			isa = PBXGroup;
			children = (
				B7AC4A35A8320428AB49F805 /* Pods-VOLCDemo.debug.xcconfig */,
				7521C104E6C0DCC76F01AB33 /* Pods-VOLCDemo.release.xcconfig */,
			);
			path = Pods;
			sourceTree = "<group>";
		};
		2337FE9CBA85BBA551F8F546 /* Frameworks */ = {
			isa = PBXGroup;
			children = (
				2B50698F274BD2ED00CF50E3 /* OpenGLES.framework */,
				2B50698D274BD2E300CF50E3 /* VideoToolbox.framework */,
				2B986D7B2740BE12000ADD42 /* MetalKit.framework */,
				2B986D792740BE0C000ADD42 /* Metal.framework */,
				2B986D772740BDFC000ADD42 /* MetalPerformanceShaders.framework */,
				0C8816910B24DE9DA73B4723 /* libPods-VOLCDemo.a */,
			);
			name = Frameworks;
			sourceTree = "<group>";
		};
		2B3B6C4F275F095F00E3A479 /* View */ = {
			isa = PBXGroup;
			children = (
				2B3B6C50275F095F00E3A479 /* VECustomHeaderView.m */,
				2B3B6C51275F095F00E3A479 /* VECustomHeaderView.h */,
			);
			path = View;
			sourceTree = "<group>";
		};
		2B3B6C52275F095F00E3A479 /* Settings */ = {
			isa = PBXGroup;
			children = (
				2B3B6C53275F095F00E3A479 /* VEUserGlobalConfiguration.h */,
				2B3B6C54275F095F00E3A479 /* VEUserGlobalConfiguration.m */,
			);
			path = Settings;
			sourceTree = "<group>";
		};
		2B3B6C57275F09B500E3A479 /* Player */ = {
			isa = PBXGroup;
			children = (
				2B3B6C60275F09B500E3A479 /* VEVideoPlayback.h */,
				2B3B6C59275F09B500E3A479 /* VEVideoPlayerController.h */,
				2B3B6C5F275F09B500E3A479 /* VEVideoPlayerController.m */,
				2B3B6C6E275F09B500E3A479 /* VEVideoPlayerController+DebugTool.h */,
				2B3B6C5A275F09B500E3A479 /* VEVideoPlayerController+DebugTool.m */,
				2B3B6C70275F09B500E3A479 /* VEVideoPlayerController+Observer.h */,
				2B3B6C5E275F09B500E3A479 /* VEVideoPlayerController+Observer.m */,
				2B3B6C58275F09B500E3A479 /* VEVideoPlayerController+Options.h */,
				2B3B6C61275F09B500E3A479 /* VEVideoPlayerController+Options.m */,
				2B3B6C6F275F09B500E3A479 /* VEVideoPlayerController+Resolution.h */,
				2B3B6C5C275F09B500E3A479 /* VEVideoPlayerController+Resolution.m */,
				2B3B6D742760511900E3A479 /* VEVideoPlayerController+Tips.h */,
				2B3B6D752760511900E3A479 /* VEVideoPlayerController+Tips.m */,
				2B3B6C62275F09B500E3A479 /* Model */,
			);
			path = Player;
			sourceTree = "<group>";
		};
		2B3B6C62275F09B500E3A479 /* Model */ = {
			isa = PBXGroup;
			children = (
				2B3B6C63275F09B500E3A479 /* TTVideoEngineMultiEncodingUrlSource+VECodecUrlSource.m */,
				2B3B6C64275F09B500E3A479 /* TTVideoEngineUrlSource+VEUrlSource.m */,
				2B3B6C65275F09B500E3A479 /* TTVideoEngineVidSource+VEVidSource.h */,
				2B3B6C66275F09B500E3A479 /* TTVideoEngineMultiEncodingUrlSource+VECodecUrlSource.h */,
				2B3B6C67275F09B500E3A479 /* TTVideoEngineUrlSource+VEUrlSource.h */,
				2B3B6C68275F09B500E3A479 /* TTVideoEngineVidSource+VEVidSource.m */,
			);
			path = Model;
			sourceTree = "<group>";
		};
		2B7BED122657B875005D7FB8 /* Utils */ = {
			isa = PBXGroup;
			children = (
				2B986A8E27395CB5000ADD42 /* VEUtils.h */,
				2B986A8F27395CB5000ADD42 /* VEUtils.m */,
				2B3B6C52275F095F00E3A479 /* Settings */,
				2B3B6C4F275F095F00E3A479 /* View */,
				2B98E8F22660C84D00CBF214 /* Category */,
				2B98E8C8265E3F5200CBF214 /* Network */,
				2B7BED132657B894005D7FB8 /* Arch */,
			);
			path = Utils;
			sourceTree = "<group>";
		};
		2B7BED132657B894005D7FB8 /* Arch */ = {
			isa = PBXGroup;
			children = (
				2B7BED142657B8AC005D7FB8 /* VEViewController.h */,
				2B7BED152657B8AC005D7FB8 /* VEViewController.m */,
			);
			path = Arch;
			sourceTree = "<group>";
		};
		2B7BED182657B983005D7FB8 /* Module */ = {
			isa = PBXGroup;
			children = (
				4B66969027744EC40004AB32 /* LongVideo */,
				2B98E9072664838500CBF214 /* SmallVideo */,
				2B98E94E2664F68B00CBF214 /* Settings */,
				2B98E91A2664838500CBF214 /* Main */,
			);
			path = Module;
			sourceTree = "<group>";
		};
		2B98E8C8265E3F5200CBF214 /* Network */ = {
			isa = PBXGroup;
			children = (
				2B98E8C9265E3F9F00CBF214 /* VENetworkHelper.h */,
				2B98E8CA265E3F9F00CBF214 /* VENetworkHelper.m */,
			);
			path = Network;
			sourceTree = "<group>";
		};
		2B98E8F22660C84D00CBF214 /* Category */ = {
			isa = PBXGroup;
			children = (
				2BAE1CE2267F793800F957D8 /* NSString+VE.h */,
				2BAE1CE3267F793800F957D8 /* NSString+VE.m */,
				2BFB5D3B268C530B009ABA65 /* UITableView+VE.h */,
				2BFB5D3C268C530B009ABA65 /* UITableView+VE.m */,
				2B986A8B27395A4D000ADD42 /* NSTimer+VE.h */,
				2B986A8C27395A4D000ADD42 /* NSTimer+VE.m */,
			);
			path = Category;
			sourceTree = "<group>";
		};
		2B98E9072664838500CBF214 /* SmallVideo */ = {
			isa = PBXGroup;
			children = (
				4B03A33027915597004D826E /* Play */,
				2B98E90B2664838500CBF214 /* Controller */,
				2B98E90E2664838500CBF214 /* Model */,
				2B98E9112664838500CBF214 /* View */,
			);
			path = SmallVideo;
			sourceTree = "<group>";
		};
		2B98E90B2664838500CBF214 /* Controller */ = {
			isa = PBXGroup;
			children = (
				2B98E90C2664838500CBF214 /* VESmallVideoViewController.h */,
				2B98E90D2664838500CBF214 /* VESmallVideoViewController.m */,
			);
			path = Controller;
			sourceTree = "<group>";
		};
		2B98E90E2664838500CBF214 /* Model */ = {
			isa = PBXGroup;
			children = (
				2B98E90F2664838500CBF214 /* VEVideoModel.h */,
				2B98E9102664838500CBF214 /* VEVideoModel.m */,
			);
			path = Model;
			sourceTree = "<group>";
		};
		2B98E9112664838500CBF214 /* View */ = {
			isa = PBXGroup;
			children = (
				2BFB5D2F268C1468009ABA65 /* VESmallVideoFeedCell.h */,
				2BFB5D30268C1468009ABA65 /* VESmallVideoFeedCell.m */,
			);
			path = View;
			sourceTree = "<group>";
		};
		2B98E91A2664838500CBF214 /* Main */ = {
			isa = PBXGroup;
			children = (
				2B98E91B2664838500CBF214 /* VEMainViewController.h */,
				2B98E91C2664838500CBF214 /* VEMainViewController.m */,
				2B98E91D2664838500CBF214 /* VEMainViewController.xib */,
				2B2D3DD626B3B19100D16CEC /* UIButton+MainViewItem.h */,
				2B2D3DD726B3B19100D16CEC /* UIButton+MainViewItem.m */,
			);
			path = Main;
			sourceTree = "<group>";
		};
		2B98E94E2664F68B00CBF214 /* Settings */ = {
			isa = PBXGroup;
			children = (
				2B98E9562664F6F300CBF214 /* Controller */,
				2B98E95C266508E900CBF214 /* Model */,
				2B98E9592664F6F300CBF214 /* View */,
			);
			path = Settings;
			sourceTree = "<group>";
		};
		2B98E9562664F6F300CBF214 /* Controller */ = {
			isa = PBXGroup;
			children = (
				2B98E9582664F6F300CBF214 /* VEUserGlobalConfigViewController.h */,
				2B98E9572664F6F300CBF214 /* VEUserGlobalConfigViewController.m */,
			);
			path = Controller;
			sourceTree = "<group>";
		};
		2B98E9592664F6F300CBF214 /* View */ = {
			isa = PBXGroup;
			children = (
				2B98E96226650BA300CBF214 /* VEGlobalConfigSwitchViewCell.h */,
				2B98E96326650BA400CBF214 /* VEGlobalConfigSwitchViewCell.m */,
				2B98E97A2665177A00CBF214 /* VEGlobalConfigDeviceIdViewCell.h */,
				2B98E97B2665177A00CBF214 /* VEGlobalConfigDeviceIdViewCell.m */,
			);
			path = View;
			sourceTree = "<group>";
		};
		2B98E95C266508E900CBF214 /* Model */ = {
			isa = PBXGroup;
			children = (
				2B98E95D2665091A00CBF214 /* VEGlobalConfigModel.h */,
				2B98E95E2665091A00CBF214 /* VEGlobalConfigModel.m */,
			);
			path = Model;
			sourceTree = "<group>";
		};
		2BEC93B92657907300C64503 = {
			isa = PBXGroup;
			children = (
				2BEC93C42657907300C64503 /* VOLCDemo */,
				2BEC93C32657907300C64503 /* Products */,
				11A450BA8D65420C5D8DB56A /* Pods */,
				2337FE9CBA85BBA551F8F546 /* Frameworks */,
			);
			sourceTree = "<group>";
		};
		2BEC93C32657907300C64503 /* Products */ = {
			isa = PBXGroup;
			children = (
				2BEC93C22657907300C64503 /* VOLCDemo.app */,
			);
			name = Products;
			sourceTree = "<group>";
		};
		2BEC93C42657907300C64503 /* VOLCDemo */ = {
			isa = PBXGroup;
			children = (
				2B3B6C57275F09B500E3A479 /* Player */,
				2B7BED182657B983005D7FB8 /* Module */,
				2B7BED122657B875005D7FB8 /* Utils */,
				2BEC93E62657915100C64503 /* Base */,
				2BEC93DE265790E900C64503 /* Assets.xcassets */,
			);
			path = VOLCDemo;
			sourceTree = "<group>";
		};
		2BEC93E62657915100C64503 /* Base */ = {
			isa = PBXGroup;
			children = (
				2BEC93EB2657915100C64503 /* Info.plist */,
				2BEC93E92657915100C64503 /* main.m */,
				2BEC93E82657915100C64503 /* AppDelegate.h */,
				2BEC93EA2657915100C64503 /* AppDelegate.m */,
				2B82C5552673407E006CE7CD /* LaunchScreen.storyboard */,
				2BEC93F02657917D00C64503 /* VOLCDemoPrefix.pch */,
				2B7BED41265B589D005D7FB8 /* VOLC-PlayerDemo.lic */,
				2B98E96E26650EFE00CBF214 /* Localizable.strings */,
			);
			path = Base;
			sourceTree = "<group>";
		};
		4B03A33027915597004D826E /* Play */ = {
			isa = PBXGroup;
			children = (
				2B75AA75278EBD1F0092862B /* VESmallPlaybackViewController.h */,
				2B75AA76278EBD1F0092862B /* VESmallPlaybackViewController.m */,
				2BC0B49427901E7500F7CC47 /* VESmallPlaybackViewController+VEPlayCoreAbility.h */,
				2BC0B49527901E7500F7CC47 /* VESmallPlaybackViewController+VEPlayCoreAbility.m */,
			);
			path = Play;
			sourceTree = "<group>";
		};
		4B03A331279155CB004D826E /* Controller */ = {
			isa = PBXGroup;
			children = (
				4B03A334279155CB004D826E /* VELongVideoViewController.h */,
				4B03A332279155CB004D826E /* VELongVideoViewController.m */,
				4B03A333279155CB004D826E /* VELongVideoDetailViewController.h */,
				4B03A335279155CB004D826E /* VELongVideoDetailViewController.m */,
			);
			path = Controller;
			sourceTree = "<group>";
		};
		4B03A336279155CB004D826E /* Play */ = {
			isa = PBXGroup;
			children = (
				4B03A337279155CB004D826E /* VEVideoPlayerController+VEPlayCoreAbility.h */,
				4B03A338279155CB004D826E /* VEVideoPlayerController+VEPlayCoreAbility.m */,
			);
			path = Play;
			sourceTree = "<group>";
		};
		4B03A339279155CB004D826E /* View */ = {
			isa = PBXGroup;
			children = (
				4B03A33A279155CB004D826E /* VELongVideoCollectionViewCell.m */,
				4B03A33B279155CB004D826E /* VELongVideoCollectionViewCell.h */,
			);
			path = View;
			sourceTree = "<group>";
		};
		4B66969027744EC40004AB32 /* LongVideo */ = {
			isa = PBXGroup;
			children = (
				4B03A331279155CB004D826E /* Controller */,
				4B03A336279155CB004D826E /* Play */,
				4B03A339279155CB004D826E /* View */,
			);
			path = LongVideo;
			sourceTree = "<group>";
		};
/* End PBXGroup section */

/* Begin PBXNativeTarget section */
		2BEC93C12657907300C64503 /* VOLCDemo */ = {
			isa = PBXNativeTarget;
			buildConfigurationList = 2BEC93DB2657907400C64503 /* Build configuration list for PBXNativeTarget "VOLCDemo" */;
			buildPhases = (
				3C783863794F104C62A02C9E /* [CP] Check Pods Manifest.lock */,
				2BEC93BE2657907300C64503 /* Sources */,
				2BEC93BF2657907300C64503 /* Frameworks */,
				2BEC93C02657907300C64503 /* Resources */,
				7ECE482F4A5502C5B185868F /* [CP] Copy Pods Resources */,
			);
			buildRules = (
			);
			dependencies = (
			);
			name = VOLCDemo;
			productName = VOLCDemo;
			productReference = 2BEC93C22657907300C64503 /* VOLCDemo.app */;
			productType = "com.apple.product-type.application";
		};
/* End PBXNativeTarget section */

/* Begin PBXProject section */
		2BEC93BA2657907300C64503 /* Project object */ = {
			isa = PBXProject;
			attributes = {
				LastUpgradeCheck = 1250;
				ORGANIZATIONNAME = "";
				TargetAttributes = {
					2BEC93C12657907300C64503 = {
						CreatedOnToolsVersion = 12.5;
					};
				};
			};
			buildConfigurationList = 2BEC93BD2657907300C64503 /* Build configuration list for PBXProject "VOLCDemo" */;
			compatibilityVersion = "Xcode 9.3";
			developmentRegion = en;
			hasScannedForEncodings = 0;
			knownRegions = (
				en,
				Base,
				"zh-Hans",
			);
			mainGroup = 2BEC93B92657907300C64503;
			productRefGroup = 2BEC93C32657907300C64503 /* Products */;
			projectDirPath = "";
			projectRoot = "";
			targets = (
				2BEC93C12657907300C64503 /* VOLCDemo */,
			);
		};
/* End PBXProject section */

/* Begin PBXResourcesBuildPhase section */
		2BEC93C02657907300C64503 /* Resources */ = {
			isa = PBXResourcesBuildPhase;
			buildActionMask = 2147483647;
			files = (
				2B98E96C26650EFE00CBF214 /* Localizable.strings in Resources */,
				2B7BED42265B589D005D7FB8 /* VOLC-PlayerDemo.lic in Resources */,
				2BEC93DF265790E900C64503 /* Assets.xcassets in Resources */,
				2B82C5532673407E006CE7CD /* LaunchScreen.storyboard in Resources */,
				2B98E9262664838500CBF214 /* VEMainViewController.xib in Resources */,
			);
			runOnlyForDeploymentPostprocessing = 0;
		};
/* End PBXResourcesBuildPhase section */

/* Begin PBXShellScriptBuildPhase section */
		3C783863794F104C62A02C9E /* [CP] Check Pods Manifest.lock */ = {
			isa = PBXShellScriptBuildPhase;
			buildActionMask = 2147483647;
			files = (
			);
			inputFileListPaths = (
			);
			inputPaths = (
				"${PODS_PODFILE_DIR_PATH}/Podfile.lock",
				"${PODS_ROOT}/Manifest.lock",
			);
			name = "[CP] Check Pods Manifest.lock";
			outputFileListPaths = (
			);
			outputPaths = (
				"$(DERIVED_FILE_DIR)/Pods-VOLCDemo-checkManifestLockResult.txt",
			);
			runOnlyForDeploymentPostprocessing = 0;
			shellPath = /bin/sh;
			shellScript = "diff \"${PODS_PODFILE_DIR_PATH}/Podfile.lock\" \"${PODS_ROOT}/Manifest.lock\" > /dev/null\nif [ $? != 0 ] ; then\n    # print error to STDERR\n    echo \"error: The sandbox is not in sync with the Podfile.lock. Run 'pod install' or update your CocoaPods installation.\" >&2\n    exit 1\nfi\n# This output is used by Xcode 'outputs' to avoid re-running this script phase.\necho \"SUCCESS\" > \"${SCRIPT_OUTPUT_FILE_0}\"\n";
			showEnvVarsInLog = 0;
		};
		7ECE482F4A5502C5B185868F /* [CP] Copy Pods Resources */ = {
			isa = PBXShellScriptBuildPhase;
			buildActionMask = 2147483647;
			files = (
			);
			inputFileListPaths = (
				"${PODS_ROOT}/Target Support Files/Pods-VOLCDemo/Pods-VOLCDemo-resources-${CONFIGURATION}-input-files.xcfilelist",
			);
			name = "[CP] Copy Pods Resources";
			outputFileListPaths = (
				"${PODS_ROOT}/Target Support Files/Pods-VOLCDemo/Pods-VOLCDemo-resources-${CONFIGURATION}-output-files.xcfilelist",
			);
			runOnlyForDeploymentPostprocessing = 0;
			shellPath = /bin/sh;
			shellScript = "\"${PODS_ROOT}/Target Support Files/Pods-VOLCDemo/Pods-VOLCDemo-resources.sh\"\n";
			showEnvVarsInLog = 0;
		};
/* End PBXShellScriptBuildPhase section */

/* Begin PBXSourcesBuildPhase section */
		2BEC93BE2657907300C64503 /* Sources */ = {
			isa = PBXSourcesBuildPhase;
			buildActionMask = 2147483647;
			files = (
				2B3B6C72275F09B500E3A479 /* VEVideoPlayerController+Resolution.m in Sources */,
				2B3B6D762760511900E3A479 /* VEVideoPlayerController+Tips.m in Sources */,
				2B98E8CB265E3F9F00CBF214 /* VENetworkHelper.m in Sources */,
				2B2D3DD826B3B19100D16CEC /* UIButton+MainViewItem.m in Sources */,
				4B03A33F279155CB004D826E /* VELongVideoCollectionViewCell.m in Sources */,
				2BEC93EE2657915100C64503 /* AppDelegate.m in Sources */,
				2BC0B49627901E7500F7CC47 /* VESmallPlaybackViewController+VEPlayCoreAbility.m in Sources */,
				2BAE1CE4267F793800F957D8 /* NSString+VE.m in Sources */,
				2B3B6C77275F09B500E3A479 /* TTVideoEngineUrlSource+VEUrlSource.m in Sources */,
				2BFB5D31268C1468009ABA65 /* VESmallVideoFeedCell.m in Sources */,
				4B03A33D279155CB004D826E /* VELongVideoDetailViewController.m in Sources */,
				2B98E97C2665177A00CBF214 /* VEGlobalConfigDeviceIdViewCell.m in Sources */,
				2B75AA77278EBD1F0092862B /* VESmallPlaybackViewController.m in Sources */,
				2B986A9027395CB5000ADD42 /* VEUtils.m in Sources */,
				2BEC93ED2657915100C64503 /* main.m in Sources */,
				4B03A33E279155CB004D826E /* VEVideoPlayerController+VEPlayCoreAbility.m in Sources */,
				2B98E9202664838500CBF214 /* VEVideoModel.m in Sources */,
				2BFB5D3D268C530B009ABA65 /* UITableView+VE.m in Sources */,
				2B986A8D27395A4D000ADD42 /* NSTimer+VE.m in Sources */,
				2B98E91F2664838500CBF214 /* VESmallVideoViewController.m in Sources */,
				2B3B6C76275F09B500E3A479 /* TTVideoEngineMultiEncodingUrlSource+VECodecUrlSource.m in Sources */,
				4B03A33C279155CB004D826E /* VELongVideoViewController.m in Sources */,
				2B3B6C55275F095F00E3A479 /* VECustomHeaderView.m in Sources */,
				2B3B6C73275F09B500E3A479 /* VEVideoPlayerController+Observer.m in Sources */,
				2B3B6C71275F09B500E3A479 /* VEVideoPlayerController+DebugTool.m in Sources */,
				2B3B6C78275F09B500E3A479 /* TTVideoEngineVidSource+VEVidSource.m in Sources */,
				2B98E95A2664F6F300CBF214 /* VEUserGlobalConfigViewController.m in Sources */,
				2B3B6C56275F095F00E3A479 /* VEUserGlobalConfiguration.m in Sources */,
				2B98E95F2665091A00CBF214 /* VEGlobalConfigModel.m in Sources */,
				2B98E96426650BA400CBF214 /* VEGlobalConfigSwitchViewCell.m in Sources */,
				2B3B6C74275F09B500E3A479 /* VEVideoPlayerController.m in Sources */,
				2B7BED162657B8AC005D7FB8 /* VEViewController.m in Sources */,
				2B98E9252664838500CBF214 /* VEMainViewController.m in Sources */,
				2B3B6C75275F09B500E3A479 /* VEVideoPlayerController+Options.m in Sources */,
			);
			runOnlyForDeploymentPostprocessing = 0;
		};
/* End PBXSourcesBuildPhase section */

/* Begin PBXVariantGroup section */
		2B82C5552673407E006CE7CD /* LaunchScreen.storyboard */ = {
			isa = PBXVariantGroup;
			children = (
				2B82C5542673407E006CE7CD /* Base */,
			);
			name = LaunchScreen.storyboard;
			sourceTree = "<group>";
		};
		2B98E96E26650EFE00CBF214 /* Localizable.strings */ = {
			isa = PBXVariantGroup;
			children = (
				2B98E96D26650EFE00CBF214 /* en */,
				2B98E9792665100400CBF214 /* zh-Hans */,
			);
			name = Localizable.strings;
			sourceTree = "<group>";
		};
/* End PBXVariantGroup section */

/* Begin XCBuildConfiguration section */
		2BEC93D92657907400C64503 /* Debug */ = {
			isa = XCBuildConfiguration;
			buildSettings = {
				ALWAYS_SEARCH_USER_PATHS = NO;
				CLANG_ANALYZER_NONNULL = YES;
				CLANG_ANALYZER_NUMBER_OBJECT_CONVERSION = YES_AGGRESSIVE;
				CLANG_CXX_LANGUAGE_STANDARD = "gnu++14";
				CLANG_CXX_LIBRARY = "libc++";
				CLANG_ENABLE_MODULES = YES;
				CLANG_ENABLE_OBJC_ARC = YES;
				CLANG_ENABLE_OBJC_WEAK = YES;
				CLANG_WARN_BLOCK_CAPTURE_AUTORELEASING = YES;
				CLANG_WARN_BOOL_CONVERSION = YES;
				CLANG_WARN_COMMA = YES;
				CLANG_WARN_CONSTANT_CONVERSION = YES;
				CLANG_WARN_DEPRECATED_OBJC_IMPLEMENTATIONS = YES;
				CLANG_WARN_DIRECT_OBJC_ISA_USAGE = YES_ERROR;
				CLANG_WARN_DOCUMENTATION_COMMENTS = YES;
				CLANG_WARN_EMPTY_BODY = YES;
				CLANG_WARN_ENUM_CONVERSION = YES;
				CLANG_WARN_INFINITE_RECURSION = YES;
				CLANG_WARN_INT_CONVERSION = YES;
				CLANG_WARN_NON_LITERAL_NULL_CONVERSION = YES;
				CLANG_WARN_OBJC_IMPLICIT_RETAIN_SELF = YES;
				CLANG_WARN_OBJC_LITERAL_CONVERSION = YES;
				CLANG_WARN_OBJC_ROOT_CLASS = YES_ERROR;
				CLANG_WARN_QUOTED_INCLUDE_IN_FRAMEWORK_HEADER = YES;
				CLANG_WARN_RANGE_LOOP_ANALYSIS = YES;
				CLANG_WARN_STRICT_PROTOTYPES = YES;
				CLANG_WARN_SUSPICIOUS_MOVE = YES;
				CLANG_WARN_UNGUARDED_AVAILABILITY = YES_AGGRESSIVE;
				CLANG_WARN_UNREACHABLE_CODE = YES;
				CLANG_WARN__DUPLICATE_METHOD_MATCH = YES;
				CODE_SIGN_IDENTITY = "iPhone Distribution: Beijing Volcano Engine Technology Co.,Ltd. (3XMD9D6A65)";
				CODE_SIGN_STYLE = Manual;
				COPY_PHASE_STRIP = NO;
				DEBUG_INFORMATION_FORMAT = dwarf;
				DEVELOPMENT_TEAM = 3XMD9D6A65;
				ENABLE_STRICT_OBJC_MSGSEND = YES;
				ENABLE_TESTABILITY = YES;
				GCC_C_LANGUAGE_STANDARD = gnu11;
				GCC_DYNAMIC_NO_PIC = NO;
				GCC_NO_COMMON_BLOCKS = YES;
				GCC_OPTIMIZATION_LEVEL = 0;
				GCC_PREPROCESSOR_DEFINITIONS = (
					"DEBUG=1",
					"$(inherited)",
				);
				GCC_WARN_64_TO_32_BIT_CONVERSION = YES;
				GCC_WARN_ABOUT_RETURN_TYPE = YES_ERROR;
				GCC_WARN_UNDECLARED_SELECTOR = YES;
				GCC_WARN_UNINITIALIZED_AUTOS = YES_AGGRESSIVE;
				GCC_WARN_UNUSED_FUNCTION = YES;
				GCC_WARN_UNUSED_VARIABLE = YES;
				INFOPLIST_FILE = "$(SRCROOT)/VOLCDemo/Base/Info.plist";
				IPHONEOS_DEPLOYMENT_TARGET = 9.0;
				MTL_ENABLE_DEBUG_INFO = INCLUDE_SOURCE;
				MTL_FAST_MATH = YES;
				ONLY_ACTIVE_ARCH = YES;
				SDKROOT = iphoneos;
			};
			name = Debug;
		};
		2BEC93DA2657907400C64503 /* Release */ = {
			isa = XCBuildConfiguration;
			buildSettings = {
				ALWAYS_SEARCH_USER_PATHS = NO;
				CLANG_ANALYZER_NONNULL = YES;
				CLANG_ANALYZER_NUMBER_OBJECT_CONVERSION = YES_AGGRESSIVE;
				CLANG_CXX_LANGUAGE_STANDARD = "gnu++14";
				CLANG_CXX_LIBRARY = "libc++";
				CLANG_ENABLE_MODULES = YES;
				CLANG_ENABLE_OBJC_ARC = YES;
				CLANG_ENABLE_OBJC_WEAK = YES;
				CLANG_WARN_BLOCK_CAPTURE_AUTORELEASING = YES;
				CLANG_WARN_BOOL_CONVERSION = YES;
				CLANG_WARN_COMMA = YES;
				CLANG_WARN_CONSTANT_CONVERSION = YES;
				CLANG_WARN_DEPRECATED_OBJC_IMPLEMENTATIONS = YES;
				CLANG_WARN_DIRECT_OBJC_ISA_USAGE = YES_ERROR;
				CLANG_WARN_DOCUMENTATION_COMMENTS = YES;
				CLANG_WARN_EMPTY_BODY = YES;
				CLANG_WARN_ENUM_CONVERSION = YES;
				CLANG_WARN_INFINITE_RECURSION = YES;
				CLANG_WARN_INT_CONVERSION = YES;
				CLANG_WARN_NON_LITERAL_NULL_CONVERSION = YES;
				CLANG_WARN_OBJC_IMPLICIT_RETAIN_SELF = YES;
				CLANG_WARN_OBJC_LITERAL_CONVERSION = YES;
				CLANG_WARN_OBJC_ROOT_CLASS = YES_ERROR;
				CLANG_WARN_QUOTED_INCLUDE_IN_FRAMEWORK_HEADER = YES;
				CLANG_WARN_RANGE_LOOP_ANALYSIS = YES;
				CLANG_WARN_STRICT_PROTOTYPES = YES;
				CLANG_WARN_SUSPICIOUS_MOVE = YES;
				CLANG_WARN_UNGUARDED_AVAILABILITY = YES_AGGRESSIVE;
				CLANG_WARN_UNREACHABLE_CODE = YES;
				CLANG_WARN__DUPLICATE_METHOD_MATCH = YES;
				CODE_SIGN_IDENTITY = "iPhone Distribution: Beijing Volcano Engine Technology Co.,Ltd. (3XMD9D6A65)";
				CODE_SIGN_STYLE = Manual;
				COPY_PHASE_STRIP = NO;
				DEBUG_INFORMATION_FORMAT = "dwarf-with-dsym";
				DEVELOPMENT_TEAM = 3XMD9D6A65;
				ENABLE_NS_ASSERTIONS = NO;
				ENABLE_STRICT_OBJC_MSGSEND = YES;
				GCC_C_LANGUAGE_STANDARD = gnu11;
				GCC_NO_COMMON_BLOCKS = YES;
				GCC_WARN_64_TO_32_BIT_CONVERSION = YES;
				GCC_WARN_ABOUT_RETURN_TYPE = YES_ERROR;
				GCC_WARN_UNDECLARED_SELECTOR = YES;
				GCC_WARN_UNINITIALIZED_AUTOS = YES_AGGRESSIVE;
				GCC_WARN_UNUSED_FUNCTION = YES;
				GCC_WARN_UNUSED_VARIABLE = YES;
				INFOPLIST_FILE = "$(SRCROOT)/VOLCDemo/Base/Info.plist";
				IPHONEOS_DEPLOYMENT_TARGET = 9.0;
				MTL_ENABLE_DEBUG_INFO = NO;
				MTL_FAST_MATH = YES;
				SDKROOT = iphoneos;
				VALIDATE_PRODUCT = YES;
			};
			name = Release;
		};
		2BEC93DC2657907400C64503 /* Debug */ = {
			isa = XCBuildConfiguration;
			baseConfigurationReference = B7AC4A35A8320428AB49F805 /* Pods-VOLCDemo.debug.xcconfig */;
			buildSettings = {
				ASSETCATALOG_COMPILER_APPICON_NAME = AppIcon;
				ASSETCATALOG_COMPILER_GLOBAL_ACCENT_COLOR_NAME = AccentColor;
				CODE_SIGN_IDENTITY = "Apple Development";
				CODE_SIGN_STYLE = Automatic;
				CURRENT_PROJECT_VERSION = 5;
				DEVELOPMENT_TEAM = 3XMD9D6A65;
				ENABLE_BITCODE = NO;
				GCC_PRECOMPILE_PREFIX_HEADER = YES;
				GCC_PREFIX_HEADER = "$(SRCROOT)/VOLCDemo/Base/VOLCDemoPrefix.pch";
				INFOPLIST_FILE = "$(SRCROOT)/VOLCDemo/Base/Info.plist";
				LD_RUNPATH_SEARCH_PATHS = (
					"$(inherited)",
					"@executable_path/Frameworks",
				);
				LIBRARY_SEARCH_PATHS = (
					"$(inherited)",
					"$(PROJECT_DIR)/VOLCDemo/Utils/OneKit/Reachability",
					"$(PROJECT_DIR)/VOLCDemo/Utils/OneKit/StartUp",
					"$(PROJECT_DIR)/VOLCDemo/Utils/OneKit/BaseKit",
				);
				MARKETING_VERSION = 1.1;
				PRODUCT_BUNDLE_IDENTIFIER = com.bytedance.volc.voddemo;
				PRODUCT_NAME = "$(TARGET_NAME)";
				PROVISIONING_PROFILE_SPECIFIER = "";
				TARGETED_DEVICE_FAMILY = 1;
			};
			name = Debug;
		};
		2BEC93DD2657907400C64503 /* Release */ = {
			isa = XCBuildConfiguration;
			baseConfigurationReference = 7521C104E6C0DCC76F01AB33 /* Pods-VOLCDemo.release.xcconfig */;
			buildSettings = {
				ASSETCATALOG_COMPILER_APPICON_NAME = AppIcon;
				ASSETCATALOG_COMPILER_GLOBAL_ACCENT_COLOR_NAME = AccentColor;
				CODE_SIGN_IDENTITY = "Apple Development";
				CODE_SIGN_STYLE = Automatic;
				CURRENT_PROJECT_VERSION = 5;
				DEVELOPMENT_TEAM = 3XMD9D6A65;
				ENABLE_BITCODE = NO;
				GCC_PRECOMPILE_PREFIX_HEADER = YES;
				GCC_PREFIX_HEADER = "$(SRCROOT)/VOLCDemo/Base/VOLCDemoPrefix.pch";
				INFOPLIST_FILE = "$(SRCROOT)/VOLCDemo/Base/Info.plist";
				LD_RUNPATH_SEARCH_PATHS = (
					"$(inherited)",
					"@executable_path/Frameworks",
				);
				LIBRARY_SEARCH_PATHS = (
					"$(inherited)",
					"$(PROJECT_DIR)/VOLCDemo/Utils/OneKit/Reachability",
					"$(PROJECT_DIR)/VOLCDemo/Utils/OneKit/StartUp",
					"$(PROJECT_DIR)/VOLCDemo/Utils/OneKit/BaseKit",
				);
				MARKETING_VERSION = 1.1;
				PRODUCT_BUNDLE_IDENTIFIER = com.bytedance.volc.voddemo;
				PRODUCT_NAME = "$(TARGET_NAME)";
				PROVISIONING_PROFILE_SPECIFIER = "";
				TARGETED_DEVICE_FAMILY = 1;
			};
			name = Release;
		};
/* End XCBuildConfiguration section */

/* Begin XCConfigurationList section */
		2BEC93BD2657907300C64503 /* Build configuration list for PBXProject "VOLCDemo" */ = {
			isa = XCConfigurationList;
			buildConfigurations = (
				2BEC93D92657907400C64503 /* Debug */,
				2BEC93DA2657907400C64503 /* Release */,
			);
			defaultConfigurationIsVisible = 0;
			defaultConfigurationName = Release;
		};
		2BEC93DB2657907400C64503 /* Build configuration list for PBXNativeTarget "VOLCDemo" */ = {
			isa = XCConfigurationList;
			buildConfigurations = (
				2BEC93DC2657907400C64503 /* Debug */,
				2BEC93DD2657907400C64503 /* Release */,
			);
			defaultConfigurationIsVisible = 0;
			defaultConfigurationName = Release;
		};
/* End XCConfigurationList section */
	};
	rootObject = 2BEC93BA2657907300C64503 /* Project object */;
}
